
Microsoft Visual Studio Solution File, Format Version 12.00
# Visual Studio 2013
VisualStudioVersion = 12.0.30501.0
MinimumVisualStudioVersion = 10.0.40219.1
Project("{FAE04EC0-301F-11D3-BF4B-00C04F79EFBC}") = "WebShop", "Webshop\WebShop.csproj", "{679D19C4-39AB-4374-8463-8E7AEB9B9F0C}"
EndProject
Project("{FAE04EC0-301F-11D3-BF4B-00C04F79EFBC}") = "ShopBusiness", "ShopBusiness\ShopBusiness.csproj", "{0084E2F4-7141-4556-9024-57612829D064}"
EndProject
Project("{FAE04EC0-301F-11D3-BF4B-00C04F79EFBC}") = "WpfShop", "WpfShop\WpfShop.csproj", "{D8BCFBC0-F06C-403D-AD94-30E02AA74AD1}"
EndProject
Project("{FAE04EC0-301F-11D3-BF4B-00C04F79EFBC}") = "Shop.Dto", "Shop.Dto\Shop.Dto.csproj", "{81DEB199-B85C-4491-81F5-7AE7AF264C7A}"
EndProject
Project("{FAE04EC0-301F-11D3-BF4B-00C04F79EFBC}") = "Shop.Repository", "Shop.Repository\Shop.Repository.csproj", "{BAB5181A-2EBD-453D-B0E8-9E217DA3C60A}"
EndProject
Project("{FAE04EC0-301F-11D3-BF4B-00C04F79EFBC}") = "Shop.Models", "Shop.Models\Shop.Models.csproj", "{4B7CF4A6-1500-49A5-B16B-B922FE709DB1}"
EndProject
Project("{FAE04EC0-301F-11D3-BF4B-00C04F79EFBC}") = "ShopWebApi", "ShopWebApi\ShopWebApi.csproj", "{F3ECAA79-62D3-4447-9BAD-4857ACC3E130}"
EndProject
Project("{FAE04EC0-301F-11D3-BF4B-00C04F79EFBC}") = "ShopWebApi.Tests", "ShopWebApi.Tests\ShopWebApi.Tests.csproj", "{A97EE767-446F-4A5C-AE3E-AA3C7DC8CE62}"
EndProject
Global
	GlobalSection(SolutionConfigurationPlatforms) = preSolution
		Debug|Any CPU = Debug|Any CPU
		Release|Any CPU = Release|Any CPU
	EndGlobalSection
	GlobalSection(ProjectConfigurationPlatforms) = postSolution
		{679D19C4-39AB-4374-8463-8E7AEB9B9F0C}.Debug|Any CPU.ActiveCfg = Debug|Any CPU
		{679D19C4-39AB-4374-8463-8E7AEB9B9F0C}.Debug|Any CPU.Build.0 = Debug|Any CPU
		{679D19C4-39AB-4374-8463-8E7AEB9B9F0C}.Release|Any CPU.ActiveCfg = Release|Any CPU
		{679D19C4-39AB-4374-8463-8E7AEB9B9F0C}.Release|Any CPU.Build.0 = Release|Any CPU
		{0084E2F4-7141-4556-9024-57612829D064}.Debug|Any CPU.ActiveCfg = Debug|Any CPU
		{0084E2F4-7141-4556-9024-57612829D064}.Debug|Any CPU.Build.0 = Debug|Any CPU
		{0084E2F4-7141-4556-9024-57612829D064}.Release|Any CPU.ActiveCfg = Release|Any CPU
		{0084E2F4-7141-4556-9024-57612829D064}.Release|Any CPU.Build.0 = Release|Any CPU
		{D8BCFBC0-F06C-403D-AD94-30E02AA74AD1}.Debug|Any CPU.ActiveCfg = Debug|Any CPU
		{D8BCFBC0-F06C-403D-AD94-30E02AA74AD1}.Debug|Any CPU.Build.0 = Debug|Any CPU
		{D8BCFBC0-F06C-403D-AD94-30E02AA74AD1}.Release|Any CPU.ActiveCfg = Release|Any CPU
		{D8BCFBC0-F06C-403D-AD94-30E02AA74AD1}.Release|Any CPU.Build.0 = Release|Any CPU
		{81DEB199-B85C-4491-81F5-7AE7AF264C7A}.Debug|Any CPU.ActiveCfg = Debug|Any CPU
		{81DEB199-B85C-4491-81F5-7AE7AF264C7A}.Debug|Any CPU.Build.0 = Debug|Any CPU
		{81DEB199-B85C-4491-81F5-7AE7AF264C7A}.Release|Any CPU.ActiveCfg = Release|Any CPU
		{81DEB199-B85C-4491-81F5-7AE7AF264C7A}.Release|Any CPU.Build.0 = Release|Any CPU
		{BAB5181A-2EBD-453D-B0E8-9E217DA3C60A}.Debug|Any CPU.ActiveCfg = Debug|Any CPU
		{BAB5181A-2EBD-453D-B0E8-9E217DA3C60A}.Debug|Any CPU.Build.0 = Debug|Any CPU
		{BAB5181A-2EBD-453D-B0E8-9E217DA3C60A}.Release|Any CPU.ActiveCfg = Release|Any CPU
		{BAB5181A-2EBD-453D-B0E8-9E217DA3C60A}.Release|Any CPU.Build.0 = Release|Any CPU
		{4B7CF4A6-1500-49A5-B16B-B922FE709DB1}.Debug|Any CPU.ActiveCfg = Debug|Any CPU
		{4B7CF4A6-1500-49A5-B16B-B922FE709DB1}.Debug|Any CPU.Build.0 = Debug|Any CPU
		{4B7CF4A6-1500-49A5-B16B-B922FE709DB1}.Release|Any CPU.ActiveCfg = Release|Any CPU
		{4B7CF4A6-1500-49A5-B16B-B922FE709DB1}.Release|Any CPU.Build.0 = Release|Any CPU
		{F3ECAA79-62D3-4447-9BAD-4857ACC3E130}.Debug|Any CPU.ActiveCfg = Debug|Any CPU
		{F3ECAA79-62D3-4447-9BAD-4857ACC3E130}.Debug|Any CPU.Build.0 = Debug|Any CPU
		{F3ECAA79-62D3-4447-9BAD-4857ACC3E130}.Release|Any CPU.ActiveCfg = Release|Any CPU
		{F3ECAA79-62D3-4447-9BAD-4857ACC3E130}.Release|Any CPU.Build.0 = Release|Any CPU
		{A97EE767-446F-4A5C-AE3E-AA3C7DC8CE62}.Debug|Any CPU.ActiveCfg = Debug|Any CPU
		{A97EE767-446F-4A5C-AE3E-AA3C7DC8CE62}.Debug|Any CPU.Build.0 = Debug|Any CPU
		{A97EE767-446F-4A5C-AE3E-AA3C7DC8CE62}.Release|Any CPU.ActiveCfg = Release|Any CPU
		{A97EE767-446F-4A5C-AE3E-AA3C7DC8CE62}.Release|Any CPU.Build.0 = Release|Any CPU
	EndGlobalSection
	GlobalSection(SolutionProperties) = preSolution
		HideSolutionNode = FALSE
	EndGlobalSection
EndGlobal
